{
  "name": "20200412",
  "version": "1.0.0",
  "lockfileVersion": 1,
  "requires": true,
  "dependencies": {
    "@graphy/content.nq.read": {
      "version": "4.1.0",
      "resolved": "https://registry.npmjs.org/@graphy/content.nq.read/-/content.nq.read-4.1.0.tgz",
      "integrity": "sha512-NESlgEsvcTp630mQgWuJzC1J1dHgILQu91DsOBjUtU4SEfsqvcqpAfxNFN8XiF5wbVx/4LuKocNSSggay09MCg==",
      "requires": {
        "@graphy/core.data.factory": "^4.1.0",
        "@graphy/core.iso.stream": "^4.1.0"
      }
    },
    "@graphy/content.nq.scribe": {
      "version": "4.1.0",
      "resolved": "https://registry.npmjs.org/@graphy/content.nq.scribe/-/content.nq.scribe-4.1.0.tgz",
      "integrity": "sha512-CrUyy4lfLG3GYOox8VxC6lONS/YYq1zd9fzVTYpKLtB/uk82OueH9ozTXSSmGXbTB0TtSr07sk5hJU6IO+S5DA==",
      "requires": {
        "@graphy/core.class.writable": "^4.1.0",
        "@graphy/core.data.factory": "^4.1.0"
      }
    },
    "@graphy/content.nq.write": {
      "version": "4.1.0",
      "resolved": "https://registry.npmjs.org/@graphy/content.nq.write/-/content.nq.write-4.1.0.tgz",
      "integrity": "sha512-iSUtwDgWOtFTAFlbE3nuFqAMI5frpps2VR7OuOVLTC39nmWmmLrIAUT34YKZJo9xsvD6l5zAbk6WkOTUEKXD3Q==",
      "requires": {
        "@graphy/core.class.writable": "^4.1.0",
        "@graphy/core.data.factory": "^4.1.0"
      }
    },
    "@graphy/content.nt.read": {
      "version": "4.1.0",
      "resolved": "https://registry.npmjs.org/@graphy/content.nt.read/-/content.nt.read-4.1.0.tgz",
      "integrity": "sha512-gLxeAv+eTw8LTtz3YgOEH1UfNbRdE9ltCivB6ZIlNjev3lxKAn+WyS5+LjI+DhkN1+CtqBkLGY7FZB8zLn+BCg==",
      "requires": {
        "@graphy/core.data.factory": "^4.1.0",
        "@graphy/core.iso.stream": "^4.1.0"
      }
    },
    "@graphy/content.nt.scribe": {
      "version": "4.1.0",
      "resolved": "https://registry.npmjs.org/@graphy/content.nt.scribe/-/content.nt.scribe-4.1.0.tgz",
      "integrity": "sha512-J62A8nLbfjFwPzCI9djGsiENoCIo3LPoPCjJyPwkd4lPrj/ssPYV7Lv7OCzvT0UIwikWi2jCTuWDB+58E43feQ==",
      "requires": {
        "@graphy/core.class.writable": "^4.1.0",
        "@graphy/core.data.factory": "^4.1.0"
      }
    },
    "@graphy/content.nt.write": {
      "version": "4.1.0",
      "resolved": "https://registry.npmjs.org/@graphy/content.nt.write/-/content.nt.write-4.1.0.tgz",
      "integrity": "sha512-3yLVQQ0RBGKfe4IamK4KzZwmkDmoT22rnN3zvhwgLd0BHjSP8B3nnxMfVX/3U0a18ZvucYu4RyK7NwfzIV/pEQ==",
      "requires": {
        "@graphy/core.class.writable": "^4.1.0",
        "@graphy/core.data.factory": "^4.1.0"
      }
    },
    "@graphy/content.trig.read": {
      "version": "4.1.0",
      "resolved": "https://registry.npmjs.org/@graphy/content.trig.read/-/content.trig.read-4.1.0.tgz",
      "integrity": "sha512-c/gHi2maRU7jyWY4iLVDfRx+QEKW8Ettm82lsu0TyCK15582NIiclWHrErWbv12/ZdBf9IYwFmE7iXq3QT1GDQ==",
      "requires": {
        "@graphy/core.data.factory": "^4.1.0",
        "@graphy/core.iso.stream": "^4.1.0",
        "uri-js": "^4.2.2"
      }
    },
    "@graphy/content.trig.scribe": {
      "version": "4.1.0",
      "resolved": "https://registry.npmjs.org/@graphy/content.trig.scribe/-/content.trig.scribe-4.1.0.tgz",
      "integrity": "sha512-5xr/VjE7/2JcNzWwj8PBUpn3YMQJVKRA/4o4gNzjSLDShXFA7u0eIzZJZeZV/MpZTOhkAWzF8mn1BTyGDsScnw==",
      "requires": {
        "@graphy/core.class.writable": "^4.1.0",
        "@graphy/core.data.factory": "^4.1.0"
      }
    },
    "@graphy/content.trig.write": {
      "version": "4.1.0",
      "resolved": "https://registry.npmjs.org/@graphy/content.trig.write/-/content.trig.write-4.1.0.tgz",
      "integrity": "sha512-s3QJ/iElxq1xf6C16AN5r+BrgvwOu3fPqRfOkE+Qo+/5Lez2mY3O3XwDlgcnLhETLIvPMom3xG5Ap0robyoC6w==",
      "requires": {
        "@graphy/core.class.writable": "^4.1.0",
        "@graphy/core.data.factory": "^4.1.0",
        "big-integer": "^1.6.48"
      }
    },
    "@graphy/content.ttl.read": {
      "version": "4.1.0",
      "resolved": "https://registry.npmjs.org/@graphy/content.ttl.read/-/content.ttl.read-4.1.0.tgz",
      "integrity": "sha512-f6hz0bfNL6XexDNdei+PvjU4LIBQ0PxEn9ShxbDiSmScwaRg8V2l/E6ddeX08LeJUoYijqnjMAjtLJBvZZtTXA==",
      "requires": {
        "@graphy/core.data.factory": "^4.1.0",
        "@graphy/core.iso.stream": "^4.1.0",
        "uri-js": "^4.2.2"
      }
    },
    "@graphy/content.ttl.scribe": {
      "version": "4.1.0",
      "resolved": "https://registry.npmjs.org/@graphy/content.ttl.scribe/-/content.ttl.scribe-4.1.0.tgz",
      "integrity": "sha512-WgTD5Z9RjL8gruo15KAosUPT2Cps1IDHe2/Yeuorxy+pXdXp9nHRLSRDfFMCE/92YtygRxbqOkfcQTDI09+3Ng==",
      "requires": {
        "@graphy/core.class.writable": "^4.1.0",
        "@graphy/core.data.factory": "^4.1.0"
      }
    },
    "@graphy/content.ttl.write": {
      "version": "4.1.0",
      "resolved": "https://registry.npmjs.org/@graphy/content.ttl.write/-/content.ttl.write-4.1.0.tgz",
      "integrity": "sha512-F3Pkt+doNbyAoxieXaWYMqRXImHR8ZKrHFsUA762l+6B1aZXHCOvfRl/e+SmcVjy3uHq0qT6XcUNowKrBVzYeQ==",
      "requires": {
        "@graphy/core.class.writable": "^4.1.0",
        "@graphy/core.data.factory": "^4.1.0",
        "big-integer": "^1.6.48"
      }
    },
    "@graphy/content.xml.scribe": {
      "version": "4.1.0",
      "resolved": "https://registry.npmjs.org/@graphy/content.xml.scribe/-/content.xml.scribe-4.1.0.tgz",
      "integrity": "sha512-hezyDfFIG/tk5Tx6U4gKCKMsOMc70+b8c/CTQripn6h/87ksnfmSNYNAw4wM3LLjQkQcRWy7GLKh5+MWUPr0tw==",
      "requires": {
        "@graphy/core.class.writable": "^4.1.0",
        "@graphy/core.data.factory": "^4.1.0"
      }
    },
    "@graphy/core.class.scribable": {
      "version": "4.1.0",
      "resolved": "https://registry.npmjs.org/@graphy/core.class.scribable/-/core.class.scribable-4.1.0.tgz",
      "integrity": "sha512-pjYBN2C6mw4qjmnzfNn33Yuu8H9nE9+9Sc4UBFX8zJj/k3qhxD5bdTjcj7YcKpHooYj72neqpUoPGo5KlbJvJw==",
      "requires": {
        "@graphy/core.data.factory": "^4.1.0",
        "@graphy/core.iso.stream": "^4.1.0"
      }
    },
    "@graphy/core.class.writable": {
      "version": "4.1.0",
      "resolved": "https://registry.npmjs.org/@graphy/core.class.writable/-/core.class.writable-4.1.0.tgz",
      "integrity": "sha512-1CbiX12xgrJGI3b3UPz5mhd/Dwt6xwR97lEzBeI5zDOgtLskRwccwVSb2rn7MM39pdZ+WYp6K/oMCzKF/MW28w==",
      "requires": {
        "@graphy/core.class.scribable": "^4.1.0",
        "@graphy/core.data.factory": "^4.1.0"
      }
    },
    "@graphy/core.data.factory": {
      "version": "4.1.0",
      "resolved": "https://registry.npmjs.org/@graphy/core.data.factory/-/core.data.factory-4.1.0.tgz",
      "integrity": "sha512-u6TT59ykuCqlHgRt2PZBy5r7jbozTuHbj6p2sp8CR3tvDXBjbPs7DurfXbcDIF/r536w7eA9WlNhOw+8yhC/ew==",
      "requires": {
        "uri-js": "^4.2.2"
      }
    },
    "@graphy/core.iso.stream": {
      "version": "4.1.0",
      "resolved": "https://registry.npmjs.org/@graphy/core.iso.stream/-/core.iso.stream-4.1.0.tgz",
      "integrity": "sha512-YbPUsum5wqxonCHW+5lN642XtxtBlZkigmPuddYpd/xBYzoglPnq0y0WoFQurjIUI+HAEdgulXmmEIiY/h7TNQ==",
      "requires": {
        "readable-stream": "^3.4.0"
      }
    },
    "@graphy/memory.dataset.fast": {
      "version": "4.1.0",
      "resolved": "https://registry.npmjs.org/@graphy/memory.dataset.fast/-/memory.dataset.fast-4.1.0.tgz",
      "integrity": "sha512-a9ONRVU+TvOriqVA9HVtHaCHRtnXuwcL5BMx7mDWDITuw5t4JoUOEZKXozt/86GzZPHZSNakwJZiWIlwto/oSw==",
      "requires": {
        "@graphy/core.data.factory": "^4.1.0",
        "@graphy/core.iso.stream": "^4.1.0"
      }
    },
    "@graphy/util.dataset.tree": {
      "version": "4.1.0",
      "resolved": "https://registry.npmjs.org/@graphy/util.dataset.tree/-/util.dataset.tree-4.1.0.tgz",
      "integrity": "sha512-0C6G0BqCsjEaZN4cIH/LunY9sqB2XwBe5l4LyLirUzbklY4FUrFC5vRI33ufVwaNTce3h7RAcNxuGTB+ZJFp5A==",
      "requires": {
        "@graphy/core.data.factory": "^4.1.0",
        "@graphy/core.iso.stream": "^4.1.0"
      }
    },
    "@types/color-name": {
      "version": "1.1.1",
      "resolved": "https://registry.npmjs.org/@types/color-name/-/color-name-1.1.1.tgz",
      "integrity": "sha512-rr+OQyAjxze7GgWrSaJwydHStIhHq2lvY3BOC2Mj7KnzI7XK0Uw1TOOdI9lDoajEbSWLiYgoo4f1R51erQfhPQ=="
    },
    "ansi-regex": {
      "version": "5.0.0",
      "resolved": "https://registry.npmjs.org/ansi-regex/-/ansi-regex-5.0.0.tgz",
      "integrity": "sha512-bY6fj56OUQ0hU1KjFNDQuJFezqKdrAyFdIevADiqrWHwSlbmBNMHp5ak2f40Pm8JTFyM2mqxkG6ngkHO11f/lg=="
    },
    "ansi-styles": {
      "version": "4.2.1",
      "resolved": "https://registry.npmjs.org/ansi-styles/-/ansi-styles-4.2.1.tgz",
      "integrity": "sha512-9VGjrMsG1vePxcSweQsN20KY/c4zN0h9fLjqAbwbPfahM3t+NL+M9HC8xeXG2I8pX5NoamTGNuomEUFI7fcUjA==",
      "requires": {
        "@types/color-name": "^1.1.1",
        "color-convert": "^2.0.1"
      }
    },
    "big-integer": {
      "version": "1.6.48",
      "resolved": "https://registry.npmjs.org/big-integer/-/big-integer-1.6.48.tgz",
      "integrity": "sha512-j51egjPa7/i+RdiRuJbPdJ2FIUYYPhvYLjzoYbcMMm62ooO6F94fETG4MTs46zPAF9Brs04OajboA/qTGuz78w=="
    },
    "camelcase": {
      "version": "5.3.1",
      "resolved": "https://registry.npmjs.org/camelcase/-/camelcase-5.3.1.tgz",
      "integrity": "sha512-L28STB170nwWS63UjtlEOE3dldQApaJXZkOI1uMFfzf3rRuPegHaHesyee+YxQ+W6SvRDQV6UrdOdRiR153wJg=="
    },
    "cliui": {
      "version": "6.0.0",
      "resolved": "https://registry.npmjs.org/cliui/-/cliui-6.0.0.tgz",
      "integrity": "sha512-t6wbgtoCXvAzst7QgXxJYqPt0usEfbgQdftEPbLL/cvv6HPE5VgvqCuAIDR0NgU52ds6rFwqrgakNLrHEjCbrQ==",
      "requires": {
        "string-width": "^4.2.0",
        "strip-ansi": "^6.0.0",
        "wrap-ansi": "^6.2.0"
      }
    },
    "color-convert": {
      "version": "2.0.1",
      "resolved": "https://registry.npmjs.org/color-convert/-/color-convert-2.0.1.tgz",
      "integrity": "sha512-RRECPsj7iu/xb5oKYcsFHSppFNnsj/52OVTRKb4zP5onXwVF3zVmmToNcOfGC+CRDpfK/U584fMg38ZHCaElKQ==",
      "requires": {
        "color-name": "~1.1.4"
      }
    },
    "color-name": {
      "version": "1.1.4",
      "resolved": "https://registry.npmjs.org/color-name/-/color-name-1.1.4.tgz",
      "integrity": "sha512-dOy+3AuW3a2wNbZHIuMZpTcgjGuLU/uBL/ubcZF9OXbDo8ff4O8yVp5Bf0efS8uEoYo5q4Fx7dY9OgQGXgAsQA=="
    },
    "decamelize": {
      "version": "1.2.0",
      "resolved": "https://registry.npmjs.org/decamelize/-/decamelize-1.2.0.tgz",
      "integrity": "sha1-9lNNFRSCabIDUue+4m9QH5oZEpA="
    },
    "emoji-regex": {
      "version": "8.0.0",
      "resolved": "https://registry.npmjs.org/emoji-regex/-/emoji-regex-8.0.0.tgz",
      "integrity": "sha512-MSjYzcWNOA0ewAHpz0MxpYFvwg6yjy1NG3xteoqz644VCo/RPgnr1/GGt+ic3iJTzQ8Eu3TdM14SawnVUmGE6A=="
    },
    "find-up": {
      "version": "4.1.0",
      "resolved": "https://registry.npmjs.org/find-up/-/find-up-4.1.0.tgz",
      "integrity": "sha512-PpOwAdQ/YlXQ2vj8a3h8IipDuYRi3wceVQQGYWxNINccq40Anw7BlsEXCMbt1Zt+OLA6Fq9suIpIWD0OsnISlw==",
      "requires": {
        "locate-path": "^5.0.0",
        "path-exists": "^4.0.0"
      }
    },
    "get-caller-file": {
      "version": "2.0.5",
      "resolved": "https://registry.npmjs.org/get-caller-file/-/get-caller-file-2.0.5.tgz",
      "integrity": "sha512-DyFP3BM/3YHTQOCUL/w0OZHR0lpKeGrxotcHWcqNEdnltqFwXVfhEBQ94eIo34AfQpo0rGki4cyIiftY06h2Fg=="
    },
    "graphy": {
      "version": "4.1.0",
      "resolved": "https://registry.npmjs.org/graphy/-/graphy-4.1.0.tgz",
      "integrity": "sha512-Z+NWG7gVP3fK91D1NmGECBg/6MoCDWcywgJGPXnHtkxIMH8EDO6WvQdxIT0FFVgZE6qrEs89bjbpGnW+L3jDTQ==",
      "requires": {
        "@graphy/content.nq.read": "4.1.0",
        "@graphy/content.nq.scribe": "4.1.0",
        "@graphy/content.nq.write": "4.1.0",
        "@graphy/content.nt.read": "4.1.0",
        "@graphy/content.nt.scribe": "4.1.0",
        "@graphy/content.nt.write": "4.1.0",
        "@graphy/content.trig.read": "4.1.0",
        "@graphy/content.trig.scribe": "4.1.0",
        "@graphy/content.trig.write": "4.1.0",
        "@graphy/content.ttl.read": "4.1.0",
        "@graphy/content.ttl.scribe": "4.1.0",
        "@graphy/content.ttl.write": "4.1.0",
        "@graphy/content.xml.scribe": "4.1.0",
        "@graphy/core.class.scribable": "4.1.0",
        "@graphy/core.class.writable": "4.1.0",
        "@graphy/core.data.factory": "4.1.0",
        "@graphy/core.iso.stream": "4.1.0",
        "@graphy/memory.dataset.fast": "4.1.0",
        "@graphy/util.dataset.tree": "4.1.0",
        "big-integer": "^1.6.48",
        "pegjs": "^0.10.0",
        "readable-stream": "^3.4.0",
        "uri-js": "^4.2.2",
        "yargs": "^15.1.0"
      }
    },
    "inherits": {
      "version": "2.0.4",
      "resolved": "https://registry.npmjs.org/inherits/-/inherits-2.0.4.tgz",
      "integrity": "sha512-k/vGaX4/Yla3WzyMCvTQOXYeIHvqOKtnqBduzTHpzpQZzAskKMhZ2K+EnBiSM9zGSoIFeMpXKxa4dYeZIQqewQ=="
    },
    "is-fullwidth-code-point": {
      "version": "3.0.0",
      "resolved": "https://registry.npmjs.org/is-fullwidth-code-point/-/is-fullwidth-code-point-3.0.0.tgz",
      "integrity": "sha512-zymm5+u+sCsSWyD9qNaejV3DFvhCKclKdizYaJUuHA83RLjb7nSuGnddCHGv0hk+KY7BMAlsWeK4Ueg6EV6XQg=="
    },
    "locate-path": {
      "version": "5.0.0",
      "resolved": "https://registry.npmjs.org/locate-path/-/locate-path-5.0.0.tgz",
      "integrity": "sha512-t7hw9pI+WvuwNJXwk5zVHpyhIqzg2qTlklJOf0mVxGSbe3Fp2VieZcduNYjaLDoy6p9uGpQEGWG87WpMKlNq8g==",
      "requires": {
        "p-locate": "^4.1.0"
      }
    },
    "n3": {
      "version": "1.3.5",
      "resolved": "https://registry.npmjs.org/n3/-/n3-1.3.5.tgz",
      "integrity": "sha512-McWb1tCWGGAmHeGEakqZj/UqxQR9cpEYZ/JivBj59YfiOAuaIWZxu0B+jnhbCwCZ2AsxdgQ5Dq8fehIJpYQaMQ=="
    },
    "p-limit": {
      "version": "2.3.0",
      "resolved": "https://registry.npmjs.org/p-limit/-/p-limit-2.3.0.tgz",
      "integrity": "sha512-//88mFWSJx8lxCzwdAABTJL2MyWB12+eIY7MDL2SqLmAkeKU9qxRvWuSyTjm3FUmpBEMuFfckAIqEaVGUDxb6w==",
      "requires": {
        "p-try": "^2.0.0"
      }
    },
    "p-locate": {
      "version": "4.1.0",
      "resolved": "https://registry.npmjs.org/p-locate/-/p-locate-4.1.0.tgz",
      "integrity": "sha512-R79ZZ/0wAxKGu3oYMlz8jy/kbhsNrS7SKZ7PxEHBgJ5+F2mtFW2fK2cOtBh1cHYkQsbzFV7I+EoRKe6Yt0oK7A==",
      "requires": {
        "p-limit": "^2.2.0"
      }
    },
    "p-try": {
      "version": "2.2.0",
      "resolved": "https://registry.npmjs.org/p-try/-/p-try-2.2.0.tgz",
      "integrity": "sha512-R4nPAVTAU0B9D35/Gk3uJf/7XYbQcyohSKdvAxIRSNghFl4e71hVoGnBNQz9cWaXxO2I10KTC+3jMdvvoKw6dQ=="
    },
    "path-exists": {
      "version": "4.0.0",
      "resolved": "https://registry.npmjs.org/path-exists/-/path-exists-4.0.0.tgz",
      "integrity": "sha512-ak9Qy5Q7jYb2Wwcey5Fpvg2KoAc/ZIhLSLOSBmRmygPsGwkVVt0fZa0qrtMz+m6tJTAHfZQ8FnmB4MG4LWy7/w=="
    },
    "pegjs": {
      "version": "0.10.0",
      "resolved": "https://registry.npmjs.org/pegjs/-/pegjs-0.10.0.tgz",
      "integrity": "sha1-z4uvrm7d/0tafvsYUmnqr0YQ3b0="
    },
    "punycode": {
      "version": "2.1.1",
      "resolved": "https://registry.npmjs.org/punycode/-/punycode-2.1.1.tgz",
      "integrity": "sha512-XRsRjdf+j5ml+y/6GKHPZbrF/8p2Yga0JPtdqTIY2Xe5ohJPD9saDJJLPvp9+NSBprVvevdXZybnj2cv8OEd0A=="
    },
    "readable-stream": {
      "version": "3.6.0",
      "resolved": "https://registry.npmjs.org/readable-stream/-/readable-stream-3.6.0.tgz",
      "integrity": "sha512-BViHy7LKeTz4oNnkcLJ+lVSL6vpiFeX6/d3oSH8zCW7UxP2onchk+vTGB143xuFjHS3deTgkKoXXymXqymiIdA==",
      "requires": {
        "inherits": "^2.0.3",
        "string_decoder": "^1.1.1",
        "util-deprecate": "^1.0.1"
      }
    },
    "require-directory": {
      "version": "2.1.1",
      "resolved": "https://registry.npmjs.org/require-directory/-/require-directory-2.1.1.tgz",
      "integrity": "sha1-jGStX9MNqxyXbiNE/+f3kqam30I="
    },
    "require-main-filename": {
      "version": "2.0.0",
      "resolved": "https://registry.npmjs.org/require-main-filename/-/require-main-filename-2.0.0.tgz",
      "integrity": "sha512-NKN5kMDylKuldxYLSUfrbo5Tuzh4hd+2E8NPPX02mZtn1VuREQToYe/ZdlJy+J3uCpfaiGF05e7B8W0iXbQHmg=="
    },
    "safe-buffer": {
      "version": "5.2.0",
      "resolved": "https://registry.npmjs.org/safe-buffer/-/safe-buffer-5.2.0.tgz",
      "integrity": "sha512-fZEwUGbVl7kouZs1jCdMLdt95hdIv0ZeHg6L7qPeciMZhZ+/gdesW4wgTARkrFWEpspjEATAzUGPG8N2jJiwbg=="
    },
    "set-blocking": {
      "version": "2.0.0",
      "resolved": "https://registry.npmjs.org/set-blocking/-/set-blocking-2.0.0.tgz",
      "integrity": "sha1-BF+XgtARrppoA93TgrJDkrPYkPc="
    },
    "string-width": {
      "version": "4.2.0",
      "resolved": "https://registry.npmjs.org/string-width/-/string-width-4.2.0.tgz",
      "integrity": "sha512-zUz5JD+tgqtuDjMhwIg5uFVV3dtqZ9yQJlZVfq4I01/K5Paj5UHj7VyrQOJvzawSVlKpObApbfD0Ed6yJc+1eg==",
      "requires": {
        "emoji-regex": "^8.0.0",
        "is-fullwidth-code-point": "^3.0.0",
        "strip-ansi": "^6.0.0"
      }
    },
    "string_decoder": {
      "version": "1.3.0",
      "resolved": "https://registry.npmjs.org/string_decoder/-/string_decoder-1.3.0.tgz",
      "integrity": "sha512-hkRX8U1WjJFd8LsDJ2yQ/wWWxaopEsABU1XfkM8A+j0+85JAGppt16cr1Whg6KIbb4okU6Mql6BOj+uup/wKeA==",
      "requires": {
        "safe-buffer": "~5.2.0"
      }
    },
    "strip-ansi": {
      "version": "6.0.0",
      "resolved": "https://registry.npmjs.org/strip-ansi/-/strip-ansi-6.0.0.tgz",
      "integrity": "sha512-AuvKTrTfQNYNIctbR1K/YGTR1756GycPsg7b9bdV9Duqur4gv6aKqHXah67Z8ImS7WEz5QVcOtlfW2rZEugt6w==",
      "requires": {
        "ansi-regex": "^5.0.0"
      }
    },
    "uri-js": {
      "version": "4.2.2",
      "resolved": "https://registry.npmjs.org/uri-js/-/uri-js-4.2.2.tgz",
      "integrity": "sha512-KY9Frmirql91X2Qgjry0Wd4Y+YTdrdZheS8TFwvkbLWf/G5KNJDCh6pKL5OZctEW4+0Baa5idK2ZQuELRwPznQ==",
      "requires": {
        "punycode": "^2.1.0"
      }
    },
    "util-deprecate": {
      "version": "1.0.2",
      "resolved": "https://registry.npmjs.org/util-deprecate/-/util-deprecate-1.0.2.tgz",
      "integrity": "sha1-RQ1Nyfpw3nMnYvvS1KKJgUGaDM8="
    },
    "which-module": {
      "version": "2.0.0",
      "resolved": "https://registry.npmjs.org/which-module/-/which-module-2.0.0.tgz",
      "integrity": "sha1-2e8H3Od7mQK4o6j6SzHD4/fm6Ho="
    },
    "wrap-ansi": {
      "version": "6.2.0",
      "resolved": "https://registry.npmjs.org/wrap-ansi/-/wrap-ansi-6.2.0.tgz",
      "integrity": "sha512-r6lPcBGxZXlIcymEu7InxDMhdW0KDxpLgoFLcguasxCaJ/SOIZwINatK9KY/tf+ZrlywOKU0UDj3ATXUBfxJXA==",
      "requires": {
        "ansi-styles": "^4.0.0",
        "string-width": "^4.1.0",
        "strip-ansi": "^6.0.0"
      }
    },
    "y18n": {
      "version": "4.0.0",
      "resolved": "https://registry.npmjs.org/y18n/-/y18n-4.0.0.tgz",
      "integrity": "sha512-r9S/ZyXu/Xu9q1tYlpsLIsa3EeLXXk0VwlxqTcFRfg9EhMW+17kbt9G0NrgCmhGb5vT2hyhJZLfDGx+7+5Uj/w=="
    },
    "yargs": {
      "version": "15.3.1",
      "resolved": "https://registry.npmjs.org/yargs/-/yargs-15.3.1.tgz",
      "integrity": "sha512-92O1HWEjw27sBfgmXiixJWT5hRBp2eobqXicLtPBIDBhYB+1HpwZlXmbW2luivBJHBzki+7VyCLRtAkScbTBQA==",
      "requires": {
        "cliui": "^6.0.0",
        "decamelize": "^1.2.0",
        "find-up": "^4.1.0",
        "get-caller-file": "^2.0.1",
        "require-directory": "^2.1.1",
        "require-main-filename": "^2.0.0",
        "set-blocking": "^2.0.0",
        "string-width": "^4.2.0",
        "which-module": "^2.0.0",
        "y18n": "^4.0.0",
        "yargs-parser": "^18.1.1"
      }
    },
    "yargs-parser": {
      "version": "18.1.3",
      "resolved": "https://registry.npmjs.org/yargs-parser/-/yargs-parser-18.1.3.tgz",
      "integrity": "sha512-o50j0JeToy/4K6OZcaQmW6lyXXKhq7csREXcDwk2omFPJEwUNOVtJKvmDr9EI1fAJZUyZcRF7kxGBWmRXudrCQ==",
      "requires": {
        "camelcase": "^5.0.0",
        "decamelize": "^1.2.0"
      }
    }
  }
}
